
Microsoft Visual Studio Solution File, Format Version 12.00
# Visual Studio 15
VisualStudioVersion = 15.0.26430.4
MinimumVisualStudioVersion = 10.0.40219.1
Project("{9A19103F-16F7-4668-BE54-9A1E7A4F7556}") = "AccidentalFish.DependencyResolver", "Source\AccidentalFish.DependencyResolver\AccidentalFish.DependencyResolver.csproj", "{FC2EBB56-71B5-44B8-9E66-BAE5E4F6C54F}"
EndProject
Project("{2150E333-8FDC-42A3-9474-1A3956D46DE8}") = "Solution Items", "Solution Items", "{2E4A475B-96BD-46FB-A5BD-0F3180A0C25C}"
EndProject
Project("{FAE04EC0-301F-11D3-BF4B-00C04F79EFBC}") = "AccidentalFish.DependencyResolver.Unity", "Source\AccidentalFish.DependencyResolver.Unity\AccidentalFish.DependencyResolver.Unity.csproj", "{D89BED95-B592-446C-8045-186F18575A8C}"
EndProject
Project("{FAE04EC0-301F-11D3-BF4B-00C04F79EFBC}") = "AccidentalFish.DependencyResolver.Autofac", "Source\AccidentalFish.DependencyResolver.Autofac\AccidentalFish.DependencyResolver.Autofac.csproj", "{B10A3AB2-0327-4C27-B23A-071D7BA8EFFB}"
EndProject
Project("{FAE04EC0-301F-11D3-BF4B-00C04F79EFBC}") = "AccidentalFish.DependencyResolver.Ninject", "Source\AccidentalFish.DependencyResolver.Ninject\AccidentalFish.DependencyResolver.Ninject.csproj", "{B34D1849-E743-4E13-915B-DD0B741AAFB6}"
EndProject
Project("{2150E333-8FDC-42A3-9474-1A3956D46DE8}") = "Packaging", "Packaging", "{92606663-FEA3-44AF-9132-47E35F87F0C1}"
	ProjectSection(SolutionItems) = preProject
		nuget\AccidentalFish.ApplicationSupport.nuspec = nuget\AccidentalFish.ApplicationSupport.nuspec
		package-nuget.ps1 = package-nuget.ps1
	EndProjectSection
EndProject
Project("{FAE04EC0-301F-11D3-BF4B-00C04F79EFBC}") = "AccidentalFish.DependencyResolver.MicrosoftNetStandard", "Source\AccidentalFish.DependencyResolver.MicrosoftNetStandard\AccidentalFish.DependencyResolver.MicrosoftNetStandard.csproj", "{179EB586-4413-48A9-882E-2FD584DD53B2}"
EndProject
Global
	GlobalSection(SolutionConfigurationPlatforms) = preSolution
		Debug|Any CPU = Debug|Any CPU
		Release|Any CPU = Release|Any CPU
	EndGlobalSection
	GlobalSection(ProjectConfigurationPlatforms) = postSolution
		{FC2EBB56-71B5-44B8-9E66-BAE5E4F6C54F}.Debug|Any CPU.ActiveCfg = Debug|Any CPU
		{FC2EBB56-71B5-44B8-9E66-BAE5E4F6C54F}.Debug|Any CPU.Build.0 = Debug|Any CPU
		{FC2EBB56-71B5-44B8-9E66-BAE5E4F6C54F}.Release|Any CPU.ActiveCfg = Release|Any CPU
		{FC2EBB56-71B5-44B8-9E66-BAE5E4F6C54F}.Release|Any CPU.Build.0 = Release|Any CPU
		{D89BED95-B592-446C-8045-186F18575A8C}.Debug|Any CPU.ActiveCfg = Debug|Any CPU
		{D89BED95-B592-446C-8045-186F18575A8C}.Debug|Any CPU.Build.0 = Debug|Any CPU
		{D89BED95-B592-446C-8045-186F18575A8C}.Release|Any CPU.ActiveCfg = Release|Any CPU
		{D89BED95-B592-446C-8045-186F18575A8C}.Release|Any CPU.Build.0 = Release|Any CPU
		{B10A3AB2-0327-4C27-B23A-071D7BA8EFFB}.Debug|Any CPU.ActiveCfg = Debug|Any CPU
		{B10A3AB2-0327-4C27-B23A-071D7BA8EFFB}.Debug|Any CPU.Build.0 = Debug|Any CPU
		{B10A3AB2-0327-4C27-B23A-071D7BA8EFFB}.Release|Any CPU.ActiveCfg = Release|Any CPU
		{B10A3AB2-0327-4C27-B23A-071D7BA8EFFB}.Release|Any CPU.Build.0 = Release|Any CPU
		{B34D1849-E743-4E13-915B-DD0B741AAFB6}.Debug|Any CPU.ActiveCfg = Debug|Any CPU
		{B34D1849-E743-4E13-915B-DD0B741AAFB6}.Debug|Any CPU.Build.0 = Debug|Any CPU
		{B34D1849-E743-4E13-915B-DD0B741AAFB6}.Release|Any CPU.ActiveCfg = Release|Any CPU
		{B34D1849-E743-4E13-915B-DD0B741AAFB6}.Release|Any CPU.Build.0 = Release|Any CPU
		{179EB586-4413-48A9-882E-2FD584DD53B2}.Debug|Any CPU.ActiveCfg = Debug|Any CPU
		{179EB586-4413-48A9-882E-2FD584DD53B2}.Debug|Any CPU.Build.0 = Debug|Any CPU
		{179EB586-4413-48A9-882E-2FD584DD53B2}.Release|Any CPU.ActiveCfg = Release|Any CPU
		{179EB586-4413-48A9-882E-2FD584DD53B2}.Release|Any CPU.Build.0 = Release|Any CPU
	EndGlobalSection
	GlobalSection(SolutionProperties) = preSolution
		HideSolutionNode = FALSE
	EndGlobalSection
EndGlobal
